
Microsoft Visual Studio Solution File, Format Version 12.00
# Visual Studio Version 17
VisualStudioVersion = 17.8.34525.116
MinimumVisualStudioVersion = 10.0.40219.1
Project("{FAE04EC0-301F-11D3-BF4B-00C04F79EFBC}") = "Rom_Kir_pr_10_v2022_net_8_0", "Rom_Kir_pr_10_v2022_net_8_0\Rom_Kir_pr_10_v2022_net_8_0.csproj", "{1C27005B-819D-47E1-880B-02DD7F571918}"
EndProject
Global
	GlobalSection(SolutionConfigurationPlatforms) = preSolution
		Debug|Any CPU = Debug|Any CPU
		Release|Any CPU = Release|Any CPU
	EndGlobalSection
	GlobalSection(ProjectConfigurationPlatforms) = postSolution
		{1C27005B-819D-47E1-880B-02DD7F571918}.Debug|Any CPU.ActiveCfg = Debug|Any CPU
		{1C27005B-819D-47E1-880B-02DD7F571918}.Debug|Any CPU.Build.0 = Debug|Any CPU
		{1C27005B-819D-47E1-880B-02DD7F571918}.Release|Any CPU.ActiveCfg = Release|Any CPU
		{1C27005B-819D-47E1-880B-02DD7F571918}.Release|Any CPU.Build.0 = Release|Any CPU
	EndGlobalSection
	GlobalSection(SolutionProperties) = preSolution
		HideSolutionNode = FALSE
	EndGlobalSection
	GlobalSection(ExtensibilityGlobals) = postSolution
		SolutionGuid = {B9687D0F-9282-4770-9255-A0F63768ECAA}
	EndGlobalSection
EndGlobal
